
Microsoft Visual Studio Solution File, Format Version 12.00
# Visual Studio Version 17
VisualStudioVersion = 17.0.31903.59
MinimumVisualStudioVersion = 10.0.40219.1
Project("{2150E333-8FDC-42A3-9474-1A3956D46DE8}") = "Bootstrapper", "Bootstrapper", "{5310A871-B8F0-0791-A052-C8A19D59FF82}"
EndProject
Project("{2150E333-8FDC-42A3-9474-1A3956D46DE8}") = "Modules", "Modules", "{CA253913-39DE-BFD0-C9A3-4B7EC6FBDF17}"
EndProject
Project("{2150E333-8FDC-42A3-9474-1A3956D46DE8}") = "Shared", "Shared", "{4F52FD11-658E-A102-6CD3-7D7C16FFA15B}"
EndProject
Project("{FAE04EC0-301F-11D3-BF4B-00C04F79EFBC}") = "Api", "Bootstrapper\Api\Api.csproj", "{2D0B9E53-A062-400D-9F98-CE0A40BDD8C1}"
EndProject
Project("{2150E333-8FDC-42A3-9474-1A3956D46DE8}") = "Cart", "Cart", "{EB586A60-27AF-8045-D933-6C2DD04C24B0}"
EndProject
Project("{2150E333-8FDC-42A3-9474-1A3956D46DE8}") = "Catalog", "Catalog", "{729B03C7-1C3E-5EDD-EDB4-38F58E22BDF1}"
EndProject
Project("{2150E333-8FDC-42A3-9474-1A3956D46DE8}") = "Order", "Order", "{3266C089-BF45-8FB5-CBFB-520E7D591FF0}"
EndProject
Project("{FAE04EC0-301F-11D3-BF4B-00C04F79EFBC}") = "Catalog", "Modules\Catalog\Catalog\Catalog.csproj", "{B0A7255B-055E-486F-8514-4C3A78D748DB}"
EndProject
Project("{FAE04EC0-301F-11D3-BF4B-00C04F79EFBC}") = "Cart", "Modules\Cart\Cart\Cart.csproj", "{930CE929-9C84-417E-9678-6310278D8F30}"
EndProject
Project("{FAE04EC0-301F-11D3-BF4B-00C04F79EFBC}") = "Order", "Modules\Order\Order\Order.csproj", "{9B0A10EF-1D8F-4535-877A-ED3C077E7357}"
EndProject
Global
	GlobalSection(SolutionConfigurationPlatforms) = preSolution
		Debug|Any CPU = Debug|Any CPU
		Debug|x64 = Debug|x64
		Debug|x86 = Debug|x86
		Release|Any CPU = Release|Any CPU
		Release|x64 = Release|x64
		Release|x86 = Release|x86
	EndGlobalSection
	GlobalSection(ProjectConfigurationPlatforms) = postSolution
		{2D0B9E53-A062-400D-9F98-CE0A40BDD8C1}.Debug|Any CPU.ActiveCfg = Debug|Any CPU
		{2D0B9E53-A062-400D-9F98-CE0A40BDD8C1}.Debug|Any CPU.Build.0 = Debug|Any CPU
		{2D0B9E53-A062-400D-9F98-CE0A40BDD8C1}.Debug|x64.ActiveCfg = Debug|Any CPU
		{2D0B9E53-A062-400D-9F98-CE0A40BDD8C1}.Debug|x64.Build.0 = Debug|Any CPU
		{2D0B9E53-A062-400D-9F98-CE0A40BDD8C1}.Debug|x86.ActiveCfg = Debug|Any CPU
		{2D0B9E53-A062-400D-9F98-CE0A40BDD8C1}.Debug|x86.Build.0 = Debug|Any CPU
		{2D0B9E53-A062-400D-9F98-CE0A40BDD8C1}.Release|Any CPU.ActiveCfg = Release|Any CPU
		{2D0B9E53-A062-400D-9F98-CE0A40BDD8C1}.Release|Any CPU.Build.0 = Release|Any CPU
		{2D0B9E53-A062-400D-9F98-CE0A40BDD8C1}.Release|x64.ActiveCfg = Release|Any CPU
		{2D0B9E53-A062-400D-9F98-CE0A40BDD8C1}.Release|x64.Build.0 = Release|Any CPU
		{2D0B9E53-A062-400D-9F98-CE0A40BDD8C1}.Release|x86.ActiveCfg = Release|Any CPU
		{2D0B9E53-A062-400D-9F98-CE0A40BDD8C1}.Release|x86.Build.0 = Release|Any CPU
		{B0A7255B-055E-486F-8514-4C3A78D748DB}.Debug|Any CPU.ActiveCfg = Debug|Any CPU
		{B0A7255B-055E-486F-8514-4C3A78D748DB}.Debug|Any CPU.Build.0 = Debug|Any CPU
		{B0A7255B-055E-486F-8514-4C3A78D748DB}.Debug|x64.ActiveCfg = Debug|Any CPU
		{B0A7255B-055E-486F-8514-4C3A78D748DB}.Debug|x64.Build.0 = Debug|Any CPU
		{B0A7255B-055E-486F-8514-4C3A78D748DB}.Debug|x86.ActiveCfg = Debug|Any CPU
		{B0A7255B-055E-486F-8514-4C3A78D748DB}.Debug|x86.Build.0 = Debug|Any CPU
		{B0A7255B-055E-486F-8514-4C3A78D748DB}.Release|Any CPU.ActiveCfg = Release|Any CPU
		{B0A7255B-055E-486F-8514-4C3A78D748DB}.Release|Any CPU.Build.0 = Release|Any CPU
		{B0A7255B-055E-486F-8514-4C3A78D748DB}.Release|x64.ActiveCfg = Release|Any CPU
		{B0A7255B-055E-486F-8514-4C3A78D748DB}.Release|x64.Build.0 = Release|Any CPU
		{B0A7255B-055E-486F-8514-4C3A78D748DB}.Release|x86.ActiveCfg = Release|Any CPU
		{B0A7255B-055E-486F-8514-4C3A78D748DB}.Release|x86.Build.0 = Release|Any CPU
		{930CE929-9C84-417E-9678-6310278D8F30}.Debug|Any CPU.ActiveCfg = Debug|Any CPU
		{930CE929-9C84-417E-9678-6310278D8F30}.Debug|Any CPU.Build.0 = Debug|Any CPU
		{930CE929-9C84-417E-9678-6310278D8F30}.Debug|x64.ActiveCfg = Debug|Any CPU
		{930CE929-9C84-417E-9678-6310278D8F30}.Debug|x64.Build.0 = Debug|Any CPU
		{930CE929-9C84-417E-9678-6310278D8F30}.Debug|x86.ActiveCfg = Debug|Any CPU
		{930CE929-9C84-417E-9678-6310278D8F30}.Debug|x86.Build.0 = Debug|Any CPU
		{930CE929-9C84-417E-9678-6310278D8F30}.Release|Any CPU.ActiveCfg = Release|Any CPU
		{930CE929-9C84-417E-9678-6310278D8F30}.Release|Any CPU.Build.0 = Release|Any CPU
		{930CE929-9C84-417E-9678-6310278D8F30}.Release|x64.ActiveCfg = Release|Any CPU
		{930CE929-9C84-417E-9678-6310278D8F30}.Release|x64.Build.0 = Release|Any CPU
		{930CE929-9C84-417E-9678-6310278D8F30}.Release|x86.ActiveCfg = Release|Any CPU
		{930CE929-9C84-417E-9678-6310278D8F30}.Release|x86.Build.0 = Release|Any CPU
		{9B0A10EF-1D8F-4535-877A-ED3C077E7357}.Debug|Any CPU.ActiveCfg = Debug|Any CPU
		{9B0A10EF-1D8F-4535-877A-ED3C077E7357}.Debug|Any CPU.Build.0 = Debug|Any CPU
		{9B0A10EF-1D8F-4535-877A-ED3C077E7357}.Debug|x64.ActiveCfg = Debug|Any CPU
		{9B0A10EF-1D8F-4535-877A-ED3C077E7357}.Debug|x64.Build.0 = Debug|Any CPU
		{9B0A10EF-1D8F-4535-877A-ED3C077E7357}.Debug|x86.ActiveCfg = Debug|Any CPU
		{9B0A10EF-1D8F-4535-877A-ED3C077E7357}.Debug|x86.Build.0 = Debug|Any CPU
		{9B0A10EF-1D8F-4535-877A-ED3C077E7357}.Release|Any CPU.ActiveCfg = Release|Any CPU
		{9B0A10EF-1D8F-4535-877A-ED3C077E7357}.Release|Any CPU.Build.0 = Release|Any CPU
		{9B0A10EF-1D8F-4535-877A-ED3C077E7357}.Release|x64.ActiveCfg = Release|Any CPU
		{9B0A10EF-1D8F-4535-877A-ED3C077E7357}.Release|x64.Build.0 = Release|Any CPU
		{9B0A10EF-1D8F-4535-877A-ED3C077E7357}.Release|x86.ActiveCfg = Release|Any CPU
		{9B0A10EF-1D8F-4535-877A-ED3C077E7357}.Release|x86.Build.0 = Release|Any CPU
	EndGlobalSection
	GlobalSection(SolutionProperties) = preSolution
		HideSolutionNode = FALSE
	EndGlobalSection
	GlobalSection(NestedProjects) = preSolution
		{2D0B9E53-A062-400D-9F98-CE0A40BDD8C1} = {5310A871-B8F0-0791-A052-C8A19D59FF82}
		{EB586A60-27AF-8045-D933-6C2DD04C24B0} = {CA253913-39DE-BFD0-C9A3-4B7EC6FBDF17}
		{729B03C7-1C3E-5EDD-EDB4-38F58E22BDF1} = {CA253913-39DE-BFD0-C9A3-4B7EC6FBDF17}
		{3266C089-BF45-8FB5-CBFB-520E7D591FF0} = {CA253913-39DE-BFD0-C9A3-4B7EC6FBDF17}
		{B0A7255B-055E-486F-8514-4C3A78D748DB} = {729B03C7-1C3E-5EDD-EDB4-38F58E22BDF1}
		{930CE929-9C84-417E-9678-6310278D8F30} = {EB586A60-27AF-8045-D933-6C2DD04C24B0}
		{9B0A10EF-1D8F-4535-877A-ED3C077E7357} = {3266C089-BF45-8FB5-CBFB-520E7D591FF0}
	EndGlobalSection
EndGlobal
